// !$*UTF8*$!
{
	archiveVersion = 1;
	classes = {
	};
	objectVersion = 46;
	objects = {

/* Begin PBXBuildFile section */
		46399E941DFC454600078CE6 /* AppDelegate.swift in Sources */ = {isa = PBXBuildFile; fileRef = 46399E931DFC454600078CE6 /* AppDelegate.swift */; };
		46399E961DFC454600078CE6 /* CaptureView.swift in Sources */ = {isa = PBXBuildFile; fileRef = 46399E951DFC454600078CE6 /* CaptureView.swift */; };
		46399E981DFC454600078CE6 /* Assets.xcassets in Resources */ = {isa = PBXBuildFile; fileRef = 46399E971DFC454600078CE6 /* Assets.xcassets */; };
		46399E9B1DFC454600078CE6 /* Main.storyboard in Resources */ = {isa = PBXBuildFile; fileRef = 46399E991DFC454600078CE6 /* Main.storyboard */; };
		46399EA51DFC483C00078CE6 /* Light.swift in Sources */ = {isa = PBXBuildFile; fileRef = 46399EA41DFC483C00078CE6 /* Light.swift */; };
		46399EA81DFC48EF00078CE6 /* Color.swift in Sources */ = {isa = PBXBuildFile; fileRef = 46399EA71DFC48EF00078CE6 /* Color.swift */; };
		46399EAA1DFC49D800078CE6 /* LightStrand.swift in Sources */ = {isa = PBXBuildFile; fileRef = 46399EA91DFC49D800078CE6 /* LightStrand.swift */; };
		46399EAD1DFC4CD000078CE6 /* SerialPort.swift in Sources */ = {isa = PBXBuildFile; fileRef = 46399EAC1DFC4CD000078CE6 /* SerialPort.swift */; };
		46399EB01DFC4DD200078CE6 /* ScreenCapturer.swift in Sources */ = {isa = PBXBuildFile; fileRef = 46399EAF1DFC4DD200078CE6 /* ScreenCapturer.swift */; };
		46399EB21DFC4E2700078CE6 /* Screen.swift in Sources */ = {isa = PBXBuildFile; fileRef = 46399EB11DFC4E2700078CE6 /* Screen.swift */; };
		463E373A1DFD8C0D005EA90A /* ORSSerial.framework in Frameworks */ = {isa = PBXBuildFile; fileRef = 463E37371DFD8BF1005EA90A /* ORSSerial.framework */; };
		468A70131E22514200FE1A50 /* Animation.swift in Sources */ = {isa = PBXBuildFile; fileRef = 468A70121E22514200FE1A50 /* Animation.swift */; };
		468A70151E22517000FE1A50 /* Snake.swift in Sources */ = {isa = PBXBuildFile; fileRef = 468A70141E22517000FE1A50 /* Snake.swift */; };
		468A70171E225A9E00FE1A50 /* Animations.swift in Sources */ = {isa = PBXBuildFile; fileRef = 468A70161E225A9E00FE1A50 /* Animations.swift */; };
		468A70191E2269F800FE1A50 /* Disco.swift in Sources */ = {isa = PBXBuildFile; fileRef = 468A70181E2269F800FE1A50 /* Disco.swift */; };
		468A702B1E22880F00FE1A50 /* LightStrandTests.swift in Sources */ = {isa = PBXBuildFile; fileRef = 468A702A1E22880F00FE1A50 /* LightStrandTests.swift */; };
		468A702D1E228B9000FE1A50 /* ScreenTests.swift in Sources */ = {isa = PBXBuildFile; fileRef = 468A702C1E228B9000FE1A50 /* ScreenTests.swift */; };
		468A702F1E228E1500FE1A50 /* ColorTests.swift in Sources */ = {isa = PBXBuildFile; fileRef = 468A702E1E228E1500FE1A50 /* ColorTests.swift */; };
		46ABE9D61E09DE59005BF613 /* SettingsView.swift in Sources */ = {isa = PBXBuildFile; fileRef = 46ABE9D51E09DE59005BF613 /* SettingsView.swift */; };
		46ABE9D81E09E0D5005BF613 /* AppConfig.swift in Sources */ = {isa = PBXBuildFile; fileRef = 46ABE9D71E09E0D5005BF613 /* AppConfig.swift */; };
		46FD2A5D1E212F8B0026190D /* LightController.swift in Sources */ = {isa = PBXBuildFile; fileRef = 46FD2A5C1E212F8B0026190D /* LightController.swift */; };
		46FD2A5F1E214EBD0026190D /* BacklightView.swift in Sources */ = {isa = PBXBuildFile; fileRef = 46FD2A5E1E214EBD0026190D /* BacklightView.swift */; };
/* End PBXBuildFile section */

/* Begin PBXContainerItemProxy section */
		463E37361DFD8BF1005EA90A /* PBXContainerItemProxy */ = {
			isa = PBXContainerItemProxy;
			containerPortal = 463E37311DFD8BF1005EA90A /* ORSSerialPort.xcodeproj */;
			proxyType = 2;
			remoteGlobalIDString = 9DCA89121A2BB106009285EB;
			remoteInfo = ORSSerial;
		};
		463E37381DFD8BF1005EA90A /* PBXContainerItemProxy */ = {
			isa = PBXContainerItemProxy;
			containerPortal = 463E37311DFD8BF1005EA90A /* ORSSerialPort.xcodeproj */;
			proxyType = 2;
			remoteGlobalIDString = 9D7472131B6D7767002D8B10;
			remoteInfo = "ORSSerialPort Tests";
		};
		468A70231E22862D00FE1A50 /* PBXContainerItemProxy */ = {
			isa = PBXContainerItemProxy;
			containerPortal = 46399E881DFC454600078CE6 /* Project object */;
			proxyType = 1;
			remoteGlobalIDString = 46399E8F1DFC454600078CE6;
			remoteInfo = Lightning;
		};
/* End PBXContainerItemProxy section */

/* Begin PBXFileReference section */
		46399E901DFC454600078CE6 /* Lightning.app */ = {isa = PBXFileReference; explicitFileType = wrapper.application; includeInIndex = 0; path = Lightning.app; sourceTree = BUILT_PRODUCTS_DIR; };
		46399E931DFC454600078CE6 /* AppDelegate.swift */ = {isa = PBXFileReference; lastKnownFileType = sourcecode.swift; path = AppDelegate.swift; sourceTree = "<group>"; };
		46399E951DFC454600078CE6 /* CaptureView.swift */ = {isa = PBXFileReference; lastKnownFileType = sourcecode.swift; path = CaptureView.swift; sourceTree = "<group>"; };
		46399E971DFC454600078CE6 /* Assets.xcassets */ = {isa = PBXFileReference; lastKnownFileType = folder.assetcatalog; path = Assets.xcassets; sourceTree = "<group>"; };
		46399E9A1DFC454600078CE6 /* Base */ = {isa = PBXFileReference; lastKnownFileType = file.storyboard; name = Base; path = Base.lproj/Main.storyboard; sourceTree = "<group>"; };
		46399E9C1DFC454600078CE6 /* Info.plist */ = {isa = PBXFileReference; lastKnownFileType = text.plist.xml; path = Info.plist; sourceTree = "<group>"; };
		46399EA41DFC483C00078CE6 /* Light.swift */ = {isa = PBXFileReference; fileEncoding = 4; lastKnownFileType = sourcecode.swift; path = Light.swift; sourceTree = "<group>"; };
		46399EA71DFC48EF00078CE6 /* Color.swift */ = {isa = PBXFileReference; fileEncoding = 4; lastKnownFileType = sourcecode.swift; path = Color.swift; sourceTree = "<group>"; };
		46399EA91DFC49D800078CE6 /* LightStrand.swift */ = {isa = PBXFileReference; fileEncoding = 4; lastKnownFileType = sourcecode.swift; path = LightStrand.swift; sourceTree = "<group>"; };
		46399EAC1DFC4CD000078CE6 /* SerialPort.swift */ = {isa = PBXFileReference; fileEncoding = 4; lastKnownFileType = sourcecode.swift; path = SerialPort.swift; sourceTree = "<group>"; };
		46399EAF1DFC4DD200078CE6 /* ScreenCapturer.swift */ = {isa = PBXFileReference; fileEncoding = 4; lastKnownFileType = sourcecode.swift; path = ScreenCapturer.swift; sourceTree = "<group>"; };
		46399EB11DFC4E2700078CE6 /* Screen.swift */ = {isa = PBXFileReference; fileEncoding = 4; lastKnownFileType = sourcecode.swift; path = Screen.swift; sourceTree = "<group>"; };
		463E37311DFD8BF1005EA90A /* ORSSerialPort.xcodeproj */ = {isa = PBXFileReference; lastKnownFileType = "wrapper.pb-project"; name = ORSSerialPort.xcodeproj; path = "Frameworks/ORSSerialPort/Framework Project/ORSSerialPort.xcodeproj"; sourceTree = SOURCE_ROOT; };
		468A70121E22514200FE1A50 /* Animation.swift */ = {isa = PBXFileReference; fileEncoding = 4; lastKnownFileType = sourcecode.swift; path = Animation.swift; sourceTree = "<group>"; };
		468A70141E22517000FE1A50 /* Snake.swift */ = {isa = PBXFileReference; fileEncoding = 4; lastKnownFileType = sourcecode.swift; path = Snake.swift; sourceTree = "<group>"; };
		468A70161E225A9E00FE1A50 /* Animations.swift */ = {isa = PBXFileReference; fileEncoding = 4; lastKnownFileType = sourcecode.swift; path = Animations.swift; sourceTree = "<group>"; };
		468A70181E2269F800FE1A50 /* Disco.swift */ = {isa = PBXFileReference; fileEncoding = 4; lastKnownFileType = sourcecode.swift; path = Disco.swift; sourceTree = "<group>"; };
		468A701E1E22862C00FE1A50 /* LightningTests.xctest */ = {isa = PBXFileReference; explicitFileType = wrapper.cfbundle; includeInIndex = 0; path = LightningTests.xctest; sourceTree = BUILT_PRODUCTS_DIR; };
		468A70221E22862D00FE1A50 /* Info.plist */ = {isa = PBXFileReference; lastKnownFileType = text.plist.xml; path = Info.plist; sourceTree = "<group>"; };
		468A702A1E22880F00FE1A50 /* LightStrandTests.swift */ = {isa = PBXFileReference; fileEncoding = 4; lastKnownFileType = sourcecode.swift; path = LightStrandTests.swift; sourceTree = "<group>"; };
		468A702C1E228B9000FE1A50 /* ScreenTests.swift */ = {isa = PBXFileReference; fileEncoding = 4; lastKnownFileType = sourcecode.swift; path = ScreenTests.swift; sourceTree = "<group>"; };
		468A702E1E228E1500FE1A50 /* ColorTests.swift */ = {isa = PBXFileReference; fileEncoding = 4; lastKnownFileType = sourcecode.swift; path = ColorTests.swift; sourceTree = "<group>"; };
		46ABE9D51E09DE59005BF613 /* SettingsView.swift */ = {isa = PBXFileReference; fileEncoding = 4; lastKnownFileType = sourcecode.swift; path = SettingsView.swift; sourceTree = "<group>"; };
		46ABE9D71E09E0D5005BF613 /* AppConfig.swift */ = {isa = PBXFileReference; fileEncoding = 4; lastKnownFileType = sourcecode.swift; path = AppConfig.swift; sourceTree = "<group>"; };
		46FD2A5C1E212F8B0026190D /* LightController.swift */ = {isa = PBXFileReference; fileEncoding = 4; lastKnownFileType = sourcecode.swift; path = LightController.swift; sourceTree = "<group>"; };
		46FD2A5E1E214EBD0026190D /* BacklightView.swift */ = {isa = PBXFileReference; fileEncoding = 4; lastKnownFileType = sourcecode.swift; path = BacklightView.swift; sourceTree = "<group>"; };
/* End PBXFileReference section */

/* Begin PBXFrameworksBuildPhase section */
		46399E8D1DFC454600078CE6 /* Frameworks */ = {
			isa = PBXFrameworksBuildPhase;
			buildActionMask = 2147483647;
			files = (
				463E373A1DFD8C0D005EA90A /* ORSSerial.framework in Frameworks */,
			);
			runOnlyForDeploymentPostprocessing = 0;
		};
		468A701B1E22862C00FE1A50 /* Frameworks */ = {
			isa = PBXFrameworksBuildPhase;
			buildActionMask = 2147483647;
			files = (
			);
			runOnlyForDeploymentPostprocessing = 0;
		};
/* End PBXFrameworksBuildPhase section */

/* Begin PBXGroup section */
		46399E871DFC454600078CE6 = {
			isa = PBXGroup;
			children = (
				46399E921DFC454600078CE6 /* Lightning */,
				468A701F1E22862D00FE1A50 /* Tests */,
			);
			sourceTree = "<group>";
		};
		46399E911DFC454600078CE6 /* Products */ = {
			isa = PBXGroup;
			children = (
				46399E901DFC454600078CE6 /* Lightning.app */,
				468A701E1E22862C00FE1A50 /* LightningTests.xctest */,
			);
			name = Products;
			path = ..;
			sourceTree = "<group>";
		};
		46399E921DFC454600078CE6 /* Lightning */ = {
			isa = PBXGroup;
			children = (
				463E373B1DFD8C5D005EA90A /* Frameworks */,
				46399E911DFC454600078CE6 /* Products */,
				46399EAE1DFC4CDE00078CE6 /* Application */,
			);
			path = Lightning;
			sourceTree = "<group>";
		};
		46399EAE1DFC4CDE00078CE6 /* Application */ = {
			isa = PBXGroup;
			children = (
				46399E9C1DFC454600078CE6 /* Info.plist */,
				46399E991DFC454600078CE6 /* Main.storyboard */,
				46399E971DFC454600078CE6 /* Assets.xcassets */,
				46ABE9D71E09E0D5005BF613 /* AppConfig.swift */,
				46399E931DFC454600078CE6 /* AppDelegate.swift */,
				46FD2A5E1E214EBD0026190D /* BacklightView.swift */,
				46399E951DFC454600078CE6 /* CaptureView.swift */,
				46399EA71DFC48EF00078CE6 /* Color.swift */,
				46399EA41DFC483C00078CE6 /* Light.swift */,
				46FD2A5C1E212F8B0026190D /* LightController.swift */,
				46399EA91DFC49D800078CE6 /* LightStrand.swift */,
				46399EB11DFC4E2700078CE6 /* Screen.swift */,
				46399EAF1DFC4DD200078CE6 /* ScreenCapturer.swift */,
				46399EAC1DFC4CD000078CE6 /* SerialPort.swift */,
				46ABE9D51E09DE59005BF613 /* SettingsView.swift */,
				468A700D1E22501300FE1A50 /* Animations */,
			);
			name = Application;
			sourceTree = "<group>";
		};
		463E37321DFD8BF1005EA90A /* Products */ = {
			isa = PBXGroup;
			children = (
				463E37371DFD8BF1005EA90A /* ORSSerial.framework */,
				463E37391DFD8BF1005EA90A /* ORSSerialPort Tests.xctest */,
			);
			name = Products;
			sourceTree = "<group>";
		};
		463E373B1DFD8C5D005EA90A /* Frameworks */ = {
			isa = PBXGroup;
			children = (
				463E37311DFD8BF1005EA90A /* ORSSerialPort.xcodeproj */,
			);
			name = Frameworks;
			sourceTree = "<group>";
		};
		468A700D1E22501300FE1A50 /* Animations */ = {
			isa = PBXGroup;
			children = (
				468A70121E22514200FE1A50 /* Animation.swift */,
				468A70161E225A9E00FE1A50 /* Animations.swift */,
				468A70181E2269F800FE1A50 /* Disco.swift */,
				468A70141E22517000FE1A50 /* Snake.swift */,
			);
			name = Animations;
			sourceTree = "<group>";
		};
		468A701F1E22862D00FE1A50 /* Tests */ = {
			isa = PBXGroup;
			children = (
				468A702E1E228E1500FE1A50 /* ColorTests.swift */,
				468A702A1E22880F00FE1A50 /* LightStrandTests.swift */,
				468A702C1E228B9000FE1A50 /* ScreenTests.swift */,
				468A70221E22862D00FE1A50 /* Info.plist */,
			);
			name = Tests;
			path = LightningTests;
			sourceTree = "<group>";
		};
/* End PBXGroup section */

/* Begin PBXNativeTarget section */
		46399E8F1DFC454600078CE6 /* Lightning */ = {
			isa = PBXNativeTarget;
			buildConfigurationList = 46399E9F1DFC454600078CE6 /* Build configuration list for PBXNativeTarget "Lightning" */;
			buildPhases = (
				46399E8C1DFC454600078CE6 /* Sources */,
				46399E8D1DFC454600078CE6 /* Frameworks */,
				46399E8E1DFC454600078CE6 /* Resources */,
			);
			buildRules = (
			);
			dependencies = (
			);
			name = Lightning;
			productName = Lightning;
			productReference = 46399E901DFC454600078CE6 /* Lightning.app */;
			productType = "com.apple.product-type.application";
		};
		468A701D1E22862C00FE1A50 /* LightningTests */ = {
			isa = PBXNativeTarget;
			buildConfigurationList = 468A70251E22862D00FE1A50 /* Build configuration list for PBXNativeTarget "LightningTests" */;
			buildPhases = (
				468A701A1E22862C00FE1A50 /* Sources */,
				468A701B1E22862C00FE1A50 /* Frameworks */,
				468A701C1E22862C00FE1A50 /* Resources */,
			);
			buildRules = (
			);
			dependencies = (
				468A70241E22862D00FE1A50 /* PBXTargetDependency */,
			);
			name = LightningTests;
			productName = LightningTests;
			productReference = 468A701E1E22862C00FE1A50 /* LightningTests.xctest */;
			productType = "com.apple.product-type.bundle.unit-test";
		};
/* End PBXNativeTarget section */

/* Begin PBXProject section */
		46399E881DFC454600078CE6 /* Project object */ = {
			isa = PBXProject;
			attributes = {
				LastSwiftUpdateCheck = 0820;
				LastUpgradeCheck = 0820;
				ORGANIZATIONNAME = "Marcin Maciaszczyk";
				TargetAttributes = {
					46399E8F1DFC454600078CE6 = {
						CreatedOnToolsVersion = 8.1;
						DevelopmentTeam = S776A92NS2;
						LastSwiftMigration = 0820;
						ProvisioningStyle = Automatic;
					};
					468A701D1E22862C00FE1A50 = {
						CreatedOnToolsVersion = 8.2.1;
						DevelopmentTeam = S776A92NS2;
						LastSwiftMigration = 0820;
						ProvisioningStyle = Automatic;
						TestTargetID = 46399E8F1DFC454600078CE6;
					};
				};
			};
			buildConfigurationList = 46399E8B1DFC454600078CE6 /* Build configuration list for PBXProject "Lightning" */;
			compatibilityVersion = "Xcode 3.2";
			developmentRegion = English;
			hasScannedForEncodings = 0;
			knownRegions = (
				en,
				Base,
			);
			mainGroup = 46399E871DFC454600078CE6;
			productRefGroup = 46399E911DFC454600078CE6 /* Products */;
			projectDirPath = "";
			projectReferences = (
				{
					ProductGroup = 463E37321DFD8BF1005EA90A /* Products */;
					ProjectRef = 463E37311DFD8BF1005EA90A /* ORSSerialPort.xcodeproj */;
				},
			);
			projectRoot = "";
			targets = (
				46399E8F1DFC454600078CE6 /* Lightning */,
				468A701D1E22862C00FE1A50 /* LightningTests */,
			);
		};
/* End PBXProject section */

/* Begin PBXReferenceProxy section */
		463E37371DFD8BF1005EA90A /* ORSSerial.framework */ = {
			isa = PBXReferenceProxy;
			fileType = wrapper.framework;
			path = ORSSerial.framework;
			remoteRef = 463E37361DFD8BF1005EA90A /* PBXContainerItemProxy */;
			sourceTree = BUILT_PRODUCTS_DIR;
		};
		463E37391DFD8BF1005EA90A /* ORSSerialPort Tests.xctest */ = {
			isa = PBXReferenceProxy;
			fileType = wrapper.cfbundle;
			path = "ORSSerialPort Tests.xctest";
			remoteRef = 463E37381DFD8BF1005EA90A /* PBXContainerItemProxy */;
			sourceTree = BUILT_PRODUCTS_DIR;
		};
/* End PBXReferenceProxy section */

/* Begin PBXResourcesBuildPhase section */
		46399E8E1DFC454600078CE6 /* Resources */ = {
			isa = PBXResourcesBuildPhase;
			buildActionMask = 2147483647;
			files = (
				46399E981DFC454600078CE6 /* Assets.xcassets in Resources */,
				46399E9B1DFC454600078CE6 /* Main.storyboard in Resources */,
			);
			runOnlyForDeploymentPostprocessing = 0;
		};
		468A701C1E22862C00FE1A50 /* Resources */ = {
			isa = PBXResourcesBuildPhase;
			buildActionMask = 2147483647;
			files = (
			);
			runOnlyForDeploymentPostprocessing = 0;
		};
/* End PBXResourcesBuildPhase section */

/* Begin PBXSourcesBuildPhase section */
		46399E8C1DFC454600078CE6 /* Sources */ = {
			isa = PBXSourcesBuildPhase;
			buildActionMask = 2147483647;
			files = (
				46399EAD1DFC4CD000078CE6 /* SerialPort.swift in Sources */,
				46ABE9D81E09E0D5005BF613 /* AppConfig.swift in Sources */,
				46FD2A5F1E214EBD0026190D /* BacklightView.swift in Sources */,
				46399EA51DFC483C00078CE6 /* Light.swift in Sources */,
				46399EAA1DFC49D800078CE6 /* LightStrand.swift in Sources */,
				46ABE9D61E09DE59005BF613 /* SettingsView.swift in Sources */,
				46399EB01DFC4DD200078CE6 /* ScreenCapturer.swift in Sources */,
				46FD2A5D1E212F8B0026190D /* LightController.swift in Sources */,
				468A70191E2269F800FE1A50 /* Disco.swift in Sources */,
				46399EA81DFC48EF00078CE6 /* Color.swift in Sources */,
				46399E961DFC454600078CE6 /* CaptureView.swift in Sources */,
				46399E941DFC454600078CE6 /* AppDelegate.swift in Sources */,
				468A70171E225A9E00FE1A50 /* Animations.swift in Sources */,
				468A70131E22514200FE1A50 /* Animation.swift in Sources */,
				468A70151E22517000FE1A50 /* Snake.swift in Sources */,
				46399EB21DFC4E2700078CE6 /* Screen.swift in Sources */,
			);
			runOnlyForDeploymentPostprocessing = 0;
		};
		468A701A1E22862C00FE1A50 /* Sources */ = {
			isa = PBXSourcesBuildPhase;
			buildActionMask = 2147483647;
			files = (
				468A702B1E22880F00FE1A50 /* LightStrandTests.swift in Sources */,
				468A702F1E228E1500FE1A50 /* ColorTests.swift in Sources */,
				468A702D1E228B9000FE1A50 /* ScreenTests.swift in Sources */,
			);
			runOnlyForDeploymentPostprocessing = 0;
		};
/* End PBXSourcesBuildPhase section */

/* Begin PBXTargetDependency section */
		468A70241E22862D00FE1A50 /* PBXTargetDependency */ = {
			isa = PBXTargetDependency;
			target = 46399E8F1DFC454600078CE6 /* Lightning */;
			targetProxy = 468A70231E22862D00FE1A50 /* PBXContainerItemProxy */;
		};
/* End PBXTargetDependency section */

/* Begin PBXVariantGroup section */
		46399E991DFC454600078CE6 /* Main.storyboard */ = {
			isa = PBXVariantGroup;
			children = (
				46399E9A1DFC454600078CE6 /* Base */,
			);
			name = Main.storyboard;
			sourceTree = "<group>";
		};
/* End PBXVariantGroup section */

/* Begin XCBuildConfiguration section */
		46399E9D1DFC454600078CE6 /* Debug */ = {
			isa = XCBuildConfiguration;
			buildSettings = {
				ALWAYS_SEARCH_USER_PATHS = NO;
				CLANG_ANALYZER_NONNULL = YES;
				CLANG_CXX_LANGUAGE_STANDARD = "gnu++0x";
				CLANG_CXX_LIBRARY = "libc++";
				CLANG_ENABLE_MODULES = YES;
				CLANG_ENABLE_OBJC_ARC = YES;
				CLANG_WARN_BOOL_CONVERSION = YES;
				CLANG_WARN_CONSTANT_CONVERSION = YES;
				CLANG_WARN_DIRECT_OBJC_ISA_USAGE = YES_ERROR;
				CLANG_WARN_DOCUMENTATION_COMMENTS = YES;
				CLANG_WARN_EMPTY_BODY = YES;
				CLANG_WARN_ENUM_CONVERSION = YES;
				CLANG_WARN_INFINITE_RECURSION = YES;
				CLANG_WARN_INT_CONVERSION = YES;
				CLANG_WARN_OBJC_ROOT_CLASS = YES_ERROR;
				CLANG_WARN_SUSPICIOUS_MOVE = YES;
				CLANG_WARN_SUSPICIOUS_MOVES = YES;
				CLANG_WARN_UNREACHABLE_CODE = YES;
				CLANG_WARN__DUPLICATE_METHOD_MATCH = YES;
				CODE_SIGN_IDENTITY = "-";
				COPY_PHASE_STRIP = NO;
				DEBUG_INFORMATION_FORMAT = dwarf;
				ENABLE_STRICT_OBJC_MSGSEND = YES;
				ENABLE_TESTABILITY = YES;
				GCC_C_LANGUAGE_STANDARD = gnu99;
				GCC_DYNAMIC_NO_PIC = NO;
				GCC_NO_COMMON_BLOCKS = YES;
				GCC_OPTIMIZATION_LEVEL = 0;
				GCC_PREPROCESSOR_DEFINITIONS = (
					"DEBUG=1",
					"$(inherited)",
				);
				GCC_WARN_64_TO_32_BIT_CONVERSION = YES;
				GCC_WARN_ABOUT_RETURN_TYPE = YES_ERROR;
				GCC_WARN_UNDECLARED_SELECTOR = YES;
				GCC_WARN_UNINITIALIZED_AUTOS = YES_AGGRESSIVE;
				GCC_WARN_UNUSED_FUNCTION = YES;
				GCC_WARN_UNUSED_VARIABLE = YES;
				MACOSX_DEPLOYMENT_TARGET = 10.12;
				MTL_ENABLE_DEBUG_INFO = YES;
				ONLY_ACTIVE_ARCH = YES;
				SDKROOT = macosx;
				SWIFT_ACTIVE_COMPILATION_CONDITIONS = DEBUG;
				SWIFT_OPTIMIZATION_LEVEL = "-Onone";
			};
			name = Debug;
		};
		46399E9E1DFC454600078CE6 /* Release */ = {
			isa = XCBuildConfiguration;
			buildSettings = {
				ALWAYS_SEARCH_USER_PATHS = NO;
				CLANG_ANALYZER_NONNULL = YES;
				CLANG_CXX_LANGUAGE_STANDARD = "gnu++0x";
				CLANG_CXX_LIBRARY = "libc++";
				CLANG_ENABLE_MODULES = YES;
				CLANG_ENABLE_OBJC_ARC = YES;
				CLANG_WARN_BOOL_CONVERSION = YES;
				CLANG_WARN_CONSTANT_CONVERSION = YES;
				CLANG_WARN_DIRECT_OBJC_ISA_USAGE = YES_ERROR;
				CLANG_WARN_DOCUMENTATION_COMMENTS = YES;
				CLANG_WARN_EMPTY_BODY = YES;
				CLANG_WARN_ENUM_CONVERSION = YES;
				CLANG_WARN_INFINITE_RECURSION = YES;
				CLANG_WARN_INT_CONVERSION = YES;
				CLANG_WARN_OBJC_ROOT_CLASS = YES_ERROR;
				CLANG_WARN_SUSPICIOUS_MOVE = YES;
				CLANG_WARN_SUSPICIOUS_MOVES = YES;
				CLANG_WARN_UNREACHABLE_CODE = YES;
				CLANG_WARN__DUPLICATE_METHOD_MATCH = YES;
				CODE_SIGN_IDENTITY = "-";
				COPY_PHASE_STRIP = NO;
				DEBUG_INFORMATION_FORMAT = "dwarf-with-dsym";
				ENABLE_NS_ASSERTIONS = NO;
				ENABLE_STRICT_OBJC_MSGSEND = YES;
				GCC_C_LANGUAGE_STANDARD = gnu99;
				GCC_NO_COMMON_BLOCKS = YES;
				GCC_WARN_64_TO_32_BIT_CONVERSION = YES;
				GCC_WARN_ABOUT_RETURN_TYPE = YES_ERROR;
				GCC_WARN_UNDECLARED_SELECTOR = YES;
				GCC_WARN_UNINITIALIZED_AUTOS = YES_AGGRESSIVE;
				GCC_WARN_UNUSED_FUNCTION = YES;
				GCC_WARN_UNUSED_VARIABLE = YES;
				MACOSX_DEPLOYMENT_TARGET = 10.12;
				MTL_ENABLE_DEBUG_INFO = NO;
				SDKROOT = macosx;
				SWIFT_OPTIMIZATION_LEVEL = "-Owholemodule";
			};
			name = Release;
		};
		46399EA01DFC454600078CE6 /* Debug */ = {
			isa = XCBuildConfiguration;
			buildSettings = {
				ASSETCATALOG_COMPILER_APPICON_NAME = AppIcon;
				CLANG_ENABLE_MODULES = YES;
				COMBINE_HIDPI_IMAGES = YES;
				DEVELOPMENT_TEAM = S776A92NS2;
				INFOPLIST_FILE = Lightning/Info.plist;
				LD_RUNPATH_SEARCH_PATHS = "$(inherited) @executable_path/../Frameworks";
				PRODUCT_BUNDLE_IDENTIFIER = maciaszczykm.Lightning;
				PRODUCT_NAME = "$(TARGET_NAME)";
				SWIFT_OPTIMIZATION_LEVEL = "-Onone";
				SWIFT_VERSION = 3.0;
			};
			name = Debug;
		};
		46399EA11DFC454600078CE6 /* Release */ = {
			isa = XCBuildConfiguration;
			buildSettings = {
				ASSETCATALOG_COMPILER_APPICON_NAME = AppIcon;
				CLANG_ENABLE_MODULES = YES;
				COMBINE_HIDPI_IMAGES = YES;
				DEVELOPMENT_TEAM = S776A92NS2;
				INFOPLIST_FILE = Lightning/Info.plist;
				LD_RUNPATH_SEARCH_PATHS = "$(inherited) @executable_path/../Frameworks";
				PRODUCT_BUNDLE_IDENTIFIER = maciaszczykm.Lightning;
				PRODUCT_NAME = "$(TARGET_NAME)";
				SWIFT_VERSION = 3.0;
			};
			name = Release;
		};
		468A70261E22862D00FE1A50 /* Debug */ = {
			isa = XCBuildConfiguration;
			buildSettings = {
				BUNDLE_LOADER = "$(TEST_HOST)";
				CLANG_ENABLE_MODULES = YES;
				COMBINE_HIDPI_IMAGES = YES;
				DEVELOPMENT_TEAM = S776A92NS2;
				INFOPLIST_FILE = LightningTests/Info.plist;
				LD_RUNPATH_SEARCH_PATHS = "$(inherited) @executable_path/../Frameworks @loader_path/../Frameworks";
				PRODUCT_BUNDLE_IDENTIFIER = maciaszczykm.LightningTests;
				PRODUCT_NAME = "$(TARGET_NAME)";
				SWIFT_OPTIMIZATION_LEVEL = "-Onone";
				SWIFT_VERSION = 3.0;
				TEST_HOST = "$(BUILT_PRODUCTS_DIR)/Lightning.app/Contents/MacOS/Lightning";
			};
			name = Debug;
		};
		468A70271E22862D00FE1A50 /* Release */ = {
			isa = XCBuildConfiguration;
			buildSettings = {
				BUNDLE_LOADER = "$(TEST_HOST)";
				CLANG_ENABLE_MODULES = YES;
				COMBINE_HIDPI_IMAGES = YES;
				DEVELOPMENT_TEAM = S776A92NS2;
				INFOPLIST_FILE = LightningTests/Info.plist;
				LD_RUNPATH_SEARCH_PATHS = "$(inherited) @executable_path/../Frameworks @loader_path/../Frameworks";
				PRODUCT_BUNDLE_IDENTIFIER = maciaszczykm.LightningTests;
				PRODUCT_NAME = "$(TARGET_NAME)";
				SWIFT_VERSION = 3.0;
				TEST_HOST = "$(BUILT_PRODUCTS_DIR)/Lightning.app/Contents/MacOS/Lightning";
			};
			name = Release;
		};
/* End XCBuildConfiguration section */

/* Begin XCConfigurationList section */
		46399E8B1DFC454600078CE6 /* Build configuration list for PBXProject "Lightning" */ = {
			isa = XCConfigurationList;
			buildConfigurations = (
				46399E9D1DFC454600078CE6 /* Debug */,
				46399E9E1DFC454600078CE6 /* Release */,
			);
			defaultConfigurationIsVisible = 0;
			defaultConfigurationName = Release;
		};
		46399E9F1DFC454600078CE6 /* Build configuration list for PBXNativeTarget "Lightning" */ = {
			isa = XCConfigurationList;
			buildConfigurations = (
				46399EA01DFC454600078CE6 /* Debug */,
				46399EA11DFC454600078CE6 /* Release */,
			);
			defaultConfigurationIsVisible = 0;
			defaultConfigurationName = Release;
		};
		468A70251E22862D00FE1A50 /* Build configuration list for PBXNativeTarget "LightningTests" */ = {
			isa = XCConfigurationList;
			buildConfigurations = (
				468A70261E22862D00FE1A50 /* Debug */,
				468A70271E22862D00FE1A50 /* Release */,
			);
			defaultConfigurationIsVisible = 0;
		};
/* End XCConfigurationList section */
	};
	rootObject = 46399E881DFC454600078CE6 /* Project object */;
}
